Microsoft Visual Studio Solution File, Format Version 11.00
# Visual Studio 2008

Project("{A89208A6-7EE1-DBD3-D400-064108386376}") = "PolygonAdventure", "Assembly-CSharp.csproj", "{65EC4B88-83C3-A14A-8A8E-50C17BD9685D}"
EndProject
Global
	GlobalSection(SolutionConfigurationPlatforms) = preSolution
		Debug|Any CPU = Debug|Any CPU
		Release|Any CPU = Release|Any CPU
	EndGlobalSection
	GlobalSection(ProjectConfigurationPlatforms) = postSolution
		{65EC4B88-83C3-A14A-8A8E-50C17BD9685D}.Debug|Any CPU.ActiveCfg = Debug|Any CPU
		{65EC4B88-83C3-A14A-8A8E-50C17BD9685D}.Debug|Any CPU.Build.0 = Debug|Any CPU
		{65EC4B88-83C3-A14A-8A8E-50C17BD9685D}.Release|Any CPU.ActiveCfg = Release|Any CPU
		{65EC4B88-83C3-A14A-8A8E-50C17BD9685D}.Release|Any CPU.Build.0 = Release|Any CPU
	EndGlobalSection
	GlobalSection(SolutionProperties) = preSolution
		HideSolutionNode = FALSE
	EndGlobalSection
								GlobalSection(MonoDevelopProperties) = preSolution
		StartupItem = Assembly-CSharp.csproj
		Policies = $0
		$0.TextStylePolicy = $1
		$1.inheritsSet = null
		$1.scope = text/x-csharp
		$0.CSharpFormattingPolicy = $2
		$2.inheritsSet = Mono
		$2.inheritsScope = text/x-csharp
		$2.scope = text/x-csharp
		$0.TextStylePolicy = $3
		$3.FileWidth = 120
		$3.TabWidth = 4
		$3.IndentWidth = 4
		$3.EolMarker = Unix
		$3.inheritsSet = Mono
		$3.inheritsScope = text/plain
		$3.scope = text/plain
	EndGlobalSection

EndGlobal
